
Microsoft Visual Studio Solution File, Format Version 12.00
# Visual Studio 14
VisualStudioVersion = 14.0.25420.1
MinimumVisualStudioVersion = 10.0.40219.1
Project("{FAE04EC0-301F-11D3-BF4B-00C04F79EFBC}") = "HexFileParser", "HexFileParser\HexFileParser.csproj", "{37B6DAAD-0F51-448F-BF99-EACA27C898EB}"
EndProject
Project("{FAE04EC0-301F-11D3-BF4B-00C04F79EFBC}") = "UnitTestHexFileParser", "UnitTestHexFileParser\UnitTestHexFileParser.csproj", "{C519F2C5-578B-4095-8697-2628EEBEF22A}"
EndProject
Global
	GlobalSection(SolutionConfigurationPlatforms) = preSolution
		Debug|Any CPU = Debug|Any CPU
		Debug|ARM = Debug|ARM
		Debug|x64 = Debug|x64
		Debug|x86 = Debug|x86
		Release|Any CPU = Release|Any CPU
		Release|ARM = Release|ARM
		Release|x64 = Release|x64
		Release|x86 = Release|x86
	EndGlobalSection
	GlobalSection(ProjectConfigurationPlatforms) = postSolution
		{37B6DAAD-0F51-448F-BF99-EACA27C898EB}.Debug|Any CPU.ActiveCfg = Debug|Any CPU
		{37B6DAAD-0F51-448F-BF99-EACA27C898EB}.Debug|Any CPU.Build.0 = Debug|Any CPU
		{37B6DAAD-0F51-448F-BF99-EACA27C898EB}.Debug|ARM.ActiveCfg = Debug|Any CPU
		{37B6DAAD-0F51-448F-BF99-EACA27C898EB}.Debug|ARM.Build.0 = Debug|Any CPU
		{37B6DAAD-0F51-448F-BF99-EACA27C898EB}.Debug|x64.ActiveCfg = Debug|Any CPU
		{37B6DAAD-0F51-448F-BF99-EACA27C898EB}.Debug|x64.Build.0 = Debug|Any CPU
		{37B6DAAD-0F51-448F-BF99-EACA27C898EB}.Debug|x86.ActiveCfg = Debug|Any CPU
		{37B6DAAD-0F51-448F-BF99-EACA27C898EB}.Debug|x86.Build.0 = Debug|Any CPU
		{37B6DAAD-0F51-448F-BF99-EACA27C898EB}.Release|Any CPU.ActiveCfg = Release|Any CPU
		{37B6DAAD-0F51-448F-BF99-EACA27C898EB}.Release|Any CPU.Build.0 = Release|Any CPU
		{37B6DAAD-0F51-448F-BF99-EACA27C898EB}.Release|ARM.ActiveCfg = Release|Any CPU
		{37B6DAAD-0F51-448F-BF99-EACA27C898EB}.Release|ARM.Build.0 = Release|Any CPU
		{37B6DAAD-0F51-448F-BF99-EACA27C898EB}.Release|x64.ActiveCfg = Release|Any CPU
		{37B6DAAD-0F51-448F-BF99-EACA27C898EB}.Release|x64.Build.0 = Release|Any CPU
		{37B6DAAD-0F51-448F-BF99-EACA27C898EB}.Release|x86.ActiveCfg = Release|Any CPU
		{37B6DAAD-0F51-448F-BF99-EACA27C898EB}.Release|x86.Build.0 = Release|Any CPU
		{C519F2C5-578B-4095-8697-2628EEBEF22A}.Debug|Any CPU.ActiveCfg = Debug|Any CPU
		{C519F2C5-578B-4095-8697-2628EEBEF22A}.Debug|Any CPU.Build.0 = Debug|Any CPU
		{C519F2C5-578B-4095-8697-2628EEBEF22A}.Debug|ARM.ActiveCfg = Debug|Any CPU
		{C519F2C5-578B-4095-8697-2628EEBEF22A}.Debug|ARM.Build.0 = Debug|Any CPU
		{C519F2C5-578B-4095-8697-2628EEBEF22A}.Debug|x64.ActiveCfg = Debug|Any CPU
		{C519F2C5-578B-4095-8697-2628EEBEF22A}.Debug|x64.Build.0 = Debug|Any CPU
		{C519F2C5-578B-4095-8697-2628EEBEF22A}.Debug|x86.ActiveCfg = Debug|Any CPU
		{C519F2C5-578B-4095-8697-2628EEBEF22A}.Debug|x86.Build.0 = Debug|Any CPU
		{C519F2C5-578B-4095-8697-2628EEBEF22A}.Release|Any CPU.ActiveCfg = Release|Any CPU
		{C519F2C5-578B-4095-8697-2628EEBEF22A}.Release|Any CPU.Build.0 = Release|Any CPU
		{C519F2C5-578B-4095-8697-2628EEBEF22A}.Release|ARM.ActiveCfg = Release|Any CPU
		{C519F2C5-578B-4095-8697-2628EEBEF22A}.Release|ARM.Build.0 = Release|Any CPU
		{C519F2C5-578B-4095-8697-2628EEBEF22A}.Release|x64.ActiveCfg = Release|Any CPU
		{C519F2C5-578B-4095-8697-2628EEBEF22A}.Release|x64.Build.0 = Release|Any CPU
		{C519F2C5-578B-4095-8697-2628EEBEF22A}.Release|x86.ActiveCfg = Release|Any CPU
		{C519F2C5-578B-4095-8697-2628EEBEF22A}.Release|x86.Build.0 = Release|Any CPU
	EndGlobalSection
	GlobalSection(SolutionProperties) = preSolution
		HideSolutionNode = FALSE
	EndGlobalSection
EndGlobal
